
Microsoft Visual Studio Solution File, Format Version 12.00
# Visual Studio Version 17
VisualStudioVersion = 17.11.35303.130
MinimumVisualStudioVersion = 10.0.40219.1
Project("{FAE04EC0-301F-11D3-BF4B-00C04F79EFBC}") = "PragueParkingProd", "PragueParkingProd.csproj", "{0284F4AB-D704-4D2F-BD82-2ACD1688F45D}"
EndProject
Global
	GlobalSection(SolutionConfigurationPlatforms) = preSolution
		Debug|Any CPU = Debug|Any CPU
		Release|Any CPU = Release|Any CPU
	EndGlobalSection
	GlobalSection(ProjectConfigurationPlatforms) = postSolution
		{0284F4AB-D704-4D2F-BD82-2ACD1688F45D}.Debug|Any CPU.ActiveCfg = Debug|Any CPU
		{0284F4AB-D704-4D2F-BD82-2ACD1688F45D}.Debug|Any CPU.Build.0 = Debug|Any CPU
		{0284F4AB-D704-4D2F-BD82-2ACD1688F45D}.Release|Any CPU.ActiveCfg = Release|Any CPU
		{0284F4AB-D704-4D2F-BD82-2ACD1688F45D}.Release|Any CPU.Build.0 = Release|Any CPU
	EndGlobalSection
	GlobalSection(SolutionProperties) = preSolution
		HideSolutionNode = FALSE
	EndGlobalSection
	GlobalSection(ExtensibilityGlobals) = postSolution
		SolutionGuid = {4CBCB23D-0B73-429B-9C26-44C0BAD837D4}
	EndGlobalSection
EndGlobal
